<?xml version="1.0" encoding="utf-8"?>
<Project ToolsVersion="4.0" xmlns="http://schemas.microsoft.com/developer/msbuild/2003">
  <ItemGroup>
    <Filter Include="Source Files">
      <UniqueIdentifier>{4FC737F1-C7A5-4376-A066-2A32D752A2FF}</UniqueIdentifier>
      <Extensions>cpp;c;cc;cxx;def;odl;idl;hpj;bat;asm;asmx</Extensions>
    </Filter>
    <Filter Include="Header Files">
      <UniqueIdentifier>{93995380-89BD-4b04-88EB-625FBE52EBFB}</UniqueIdentifier>
      <Extensions>h;hh;hpp;hxx;hm;inl;inc;ipp;xsd</Extensions>
    </Filter>
    <Filter Include="Resource Files">
      <UniqueIdentifier>{67DA6AB6-F800-4c08-8B7A-83BB121AAD01}</UniqueIdentifier>
      <Extensions>rc;ico;cur;bmp;dlg;rc2;rct;bin;rgs;gif;jpg;jpeg;jpe;resx;tiff;tif;png;wav;mfcribbon-ms</Extensions>
    </Filter>
  </ItemGroup>
  <ItemGroup>
    <ClInclude Include="lib\game-math\Matrix2x2.h">
      <Filter>Header Files</Filter>
    </ClInclude>
    <ClInclude Include="lib\game-math\Matrix3x3.h">
      <Filter>Header Files</Filter>
    </ClInclude>
    <ClInclude Include="lib\game-math\Matrix4x4.h">
      <Filter>Header Files</Filter>
    </ClInclude>
    <ClInclude Include="lib\game-math\Quaternion.h">
      <Filter>Header Files</Filter>
    </ClInclude>
    <ClInclude Include="lib\game-math\RotationMatrix.h">
      <Filter>Header Files</Filter>
    </ClInclude>
    <ClInclude Include="lib\game-math\ScaleMatrix.h">
      <Filter>Header Files</Filter>
    </ClInclude>
    <ClInclude Include="lib\game-math\SQT.h">
      <Filter>Header Files</Filter>
    </ClInclude>
    <ClInclude Include="lib\game-math\TRSMatrix.h">
      <Filter>Header Files</Filter>
    </ClInclude>
    <ClInclude Include="lib\game-math\Vector2.h">
      <Filter>Header Files</Filter>
    </ClInclude>
    <ClInclude Include="lib\game-math\Vector3.h">
      <Filter>Header Files</Filter>
    </ClInclude>
    <ClInclude Include="lib\game-math\Vector4.h">
      <Filter>Header Files</Filter>
    </ClInclude>
    <ClInclude Include="include\Enemy.hpp">
      <Filter>Header Files</Filter>
    </ClInclude>
    <ClInclude Include="include\Entity.h">
      <Filter>Header Files</Filter>
    </ClInclude>
    <ClInclude Include="include\enums.h">
      <Filter>Header Files</Filter>
    </ClInclude>
    <ClInclude Include="include\evilPlayer.hpp">
      <Filter>Header Files</Filter>
    </ClInclude>
    <ClInclude Include="include\Game.h">
      <Filter>Header Files</Filter>
    </ClInclude>
    <ClInclude Include="include\Input.h">
      <Filter>Header Files</Filter>
    </ClInclude>
    <ClInclude Include="include\Level.hpp">
      <Filter>Header Files</Filter>
    </ClInclude>
    <ClInclude Include="include\Object.h">
      <Filter>Header Files</Filter>
    </ClInclude>
    <ClInclude Include="include\Player.h">
      <Filter>Header Files</Filter>
    </ClInclude>
    <ClInclude Include="include\TextureManager.h">
      <Filter>Header Files</Filter>
    </ClInclude>
    <ClInclude Include="include\TileMap.hpp">
      <Filter>Header Files</Filter>
    </ClInclude>
    <ClInclude Include="include\utils.h">
      <Filter>Header Files</Filter>
    </ClInclude>
    <ClInclude Include="include\Window.h">
      <Filter>Header Files</Filter>
    </ClInclude>
    <ClInclude Include="include\AICmpt.hpp">
      <Filter>Header Files</Filter>
    </ClInclude>
    <ClInclude Include="include\BolderGrahicsCmpt.hpp">
      <Filter>Header Files</Filter>
    </ClInclude>
    <ClInclude Include="include\BolderPhysicsCmpt.hpp">
      <Filter>Header Files</Filter>
    </ClInclude>
    <ClInclude Include="include\DemoInputCmpt.hpp">
      <Filter>Header Files</Filter>
    </ClInclude>
    <ClInclude Include="include\EnemyAICmpt.hpp">
      <Filter>Header Files</Filter>
    </ClInclude>
    <ClInclude Include="include\EnemyGrahicsCmpt.hpp">
      <Filter>Header Files</Filter>
    </ClInclude>
    <ClInclude Include="include\EnemyPhysicsCmpt.hpp">
      <Filter>Header Files</Filter>
    </ClInclude>
    <ClInclude Include="include\PlayerInputCmpt.hpp">
      <Filter>Header Files</Filter>
    </ClInclude>
    <ClInclude Include="include\PlayerPhysicsCmpt.hpp">
      <Filter>Header Files</Filter>
    </ClInclude>
    <ClInclude Include="include\PlayerGrahicsCmpt.hpp">
      <Filter>Header Files</Filter>
    </ClInclude>
    <ClInclude Include="include\PhysicsCmpt.hpp">
      <Filter>Header Files</Filter>
    </ClInclude>
    <ClInclude Include="include\NPCAICmpt.hpp">
      <Filter>Header Files</Filter>
    </ClInclude>
    <ClInclude Include="include\InputCmpt.hpp">
      <Filter>Header Files</Filter>
    </ClInclude>
    <ClInclude Include="include\HealthCmpt.hpp">
      <Filter>Header Files</Filter>
    </ClInclude>
    <ClInclude Include="include\GraphicsCmpt.hpp">
      <Filter>Header Files</Filter>
    </ClInclude>
  </ItemGroup>
  <ItemGroup>
    <ClCompile Include="src\Enemy.cpp">
      <Filter>Source Files</Filter>
    </ClCompile>
    <ClCompile Include="src\Entity.cpp">
      <Filter>Source Files</Filter>
    </ClCompile>
    <ClCompile Include="src\evilPlayer.cpp">
      <Filter>Source Files</Filter>
    </ClCompile>
    <ClCompile Include="src\Game.cpp">
      <Filter>Source Files</Filter>
    </ClCompile>
    <ClCompile Include="src\Input.cpp">
      <Filter>Source Files</Filter>
    </ClCompile>
    <ClCompile Include="src\Level.cpp">
      <Filter>Source Files</Filter>
    </ClCompile>
    <ClCompile Include="src\Main.cpp">
      <Filter>Source Files</Filter>
    </ClCompile>
    <ClCompile Include="src\Object.cpp">
      <Filter>Source Files</Filter>
    </ClCompile>
    <ClCompile Include="src\Player.cpp">
      <Filter>Source Files</Filter>
    </ClCompile>
    <ClCompile Include="src\TextureManager.cpp">
      <Filter>Source Files</Filter>
    </ClCompile>
    <ClCompile Include="src\TileMap.cpp">
      <Filter>Source Files</Filter>
    </ClCompile>
    <ClCompile Include="src\Window.cpp">
      <Filter>Source Files</Filter>
    </ClCompile>
  </ItemGroup>
</Project>